<?xml version="1.0" encoding="utf-8"?>
<Project ToolsVersion="4.0" xmlns="http://schemas.microsoft.com/developer/msbuild/2003">
  <ItemGroup>
    <Filter Include="Source Files">
      <UniqueIdentifier>{4FC737F1-C7A5-4376-A066-2A32D752A2FF}</UniqueIdentifier>
      <Extensions>cpp;c;cc;cxx;c++;cppm;ixx;def;odl;idl;hpj;bat;asm;asmx</Extensions>
    </Filter>
    <Filter Include="Header Files">
      <UniqueIdentifier>{93995380-89BD-4b04-88EB-625FBE52EBFB}</UniqueIdentifier>
      <Extensions>h;hh;hpp;hxx;h++;hm;inl;inc;ipp;xsd</Extensions>
    </Filter>
    <Filter Include="Resource Files">
      <UniqueIdentifier>{67DA6AB6-F800-4c08-8B7A-83BB121AAD01}</UniqueIdentifier>
      <Extensions>rc;ico;cur;bmp;dlg;rc2;rct;bin;rgs;gif;jpg;jpeg;jpe;resx;tiff;tif;png;wav;mfcribbon-ms</Extensions>
    </Filter>
    <Filter Include="TestFiles">
      <UniqueIdentifier>{1122f97d-14ea-452e-89e1-1e43d56ea8de}</UniqueIdentifier>
    </Filter>
    <Filter Include="TestFiles\build">
      <UniqueIdentifier>{0c104b01-ce7f-40c4-90fb-ceb47fd57e7c}</UniqueIdentifier>
    </Filter>
  </ItemGroup>
  <ItemGroup>
    <ClInclude Include="pch.h">
      <Filter>Header Files</Filter>
    </ClInclude>
    <ClInclude Include="tap.h">
      <Filter>Header Files</Filter>
    </ClInclude>
    <ClInclude Include="napi.h">
      <Filter>Header Files</Filter>
    </ClInclude>
    <ClInclude Include="napi-inl.h">
      <Filter>Header Files</Filter>
    </ClInclude>
    <ClInclude Include="readasyncworker.h">
      <Filter>Header Files</Filter>
    </ClInclude>
    <ClInclude Include="writeasyncworker.h">
      <Filter>Header Files</Filter>
    </ClInclude>
  </ItemGroup>
  <ItemGroup>
    <ClCompile Include="nodetap.cpp">
      <Filter>Source Files</Filter>
    </ClCompile>
    <ClCompile Include="pch.cpp">
      <Filter>Source Files</Filter>
    </ClCompile>
    <ClCompile Include="tap.cpp">
      <Filter>Source Files</Filter>
    </ClCompile>
    <ClCompile Include="readasyncworker.cpp">
      <Filter>Source Files</Filter>
    </ClCompile>
    <ClCompile Include="writeasyncworker.cpp">
      <Filter>Source Files</Filter>
    </ClCompile>
  </ItemGroup>
  <ItemGroup>
    <None Include="TestFiles\build\package.json">
      <Filter>TestFiles\build</Filter>
    </None>
    <None Include="TestFiles\test.js">
      <Filter>TestFiles</Filter>
    </None>
  </ItemGroup>
</Project>